
Microsoft Visual Studio Solution File, Format Version 11.00
# Visual Studio 2010
Project("{FAE04EC0-301F-11D3-BF4B-00C04F79EFBC}") = "WebService2", "WebService2\WebService2.csproj", "{78F1DB7B-D656-4489-A95B-4F7106084E33}"
EndProject
Global
	GlobalSection(SolutionConfigurationPlatforms) = preSolution
		Debug|Any CPU = Debug|Any CPU
		Release|Any CPU = Release|Any CPU
	EndGlobalSection
	GlobalSection(ProjectConfigurationPlatforms) = postSolution
		{78F1DB7B-D656-4489-A95B-4F7106084E33}.Debug|Any CPU.ActiveCfg = Debug|Any CPU
		{78F1DB7B-D656-4489-A95B-4F7106084E33}.Debug|Any CPU.Build.0 = Debug|Any CPU
		{78F1DB7B-D656-4489-A95B-4F7106084E33}.Release|Any CPU.ActiveCfg = Release|Any CPU
		{78F1DB7B-D656-4489-A95B-4F7106084E33}.Release|Any CPU.Build.0 = Release|Any CPU
	EndGlobalSection
	GlobalSection(SolutionProperties) = preSolution
		HideSolutionNode = FALSE
	EndGlobalSection
EndGlobal
